
Microsoft Visual Studio Solution File, Format Version 12.00
# Visual Studio Version 16
VisualStudioVersion = 16.0.31025.194
MinimumVisualStudioVersion = 10.0.40219.1
Project("{FAE04EC0-301F-11D3-BF4B-00C04F79EFBC}") = "FirefoxDemoWebShop", "FirefoxDemoWebShop\FirefoxDemoWebShop.csproj", "{1063E380-DD00-4F63-8B8A-59A45BFE7CA5}"
EndProject
Global
	GlobalSection(SolutionConfigurationPlatforms) = preSolution
		Debug|Any CPU = Debug|Any CPU
		Release|Any CPU = Release|Any CPU
	EndGlobalSection
	GlobalSection(ProjectConfigurationPlatforms) = postSolution
		{1063E380-DD00-4F63-8B8A-59A45BFE7CA5}.Debug|Any CPU.ActiveCfg = Debug|Any CPU
		{1063E380-DD00-4F63-8B8A-59A45BFE7CA5}.Debug|Any CPU.Build.0 = Debug|Any CPU
		{1063E380-DD00-4F63-8B8A-59A45BFE7CA5}.Release|Any CPU.ActiveCfg = Release|Any CPU
		{1063E380-DD00-4F63-8B8A-59A45BFE7CA5}.Release|Any CPU.Build.0 = Release|Any CPU
	EndGlobalSection
	GlobalSection(SolutionProperties) = preSolution
		HideSolutionNode = FALSE
	EndGlobalSection
	GlobalSection(ExtensibilityGlobals) = postSolution
		SolutionGuid = {3E35F522-C4B6-4A82-BE7E-506D10180FD9}
	EndGlobalSection
EndGlobal
